Microsoft Visual Studio Solution File, Format Version 12.00
# Visual Studio Version 17
VisualStudioVersion = 17.5.2.0
MinimumVisualStudioVersion = 10.0.40219.1
Project("{FAE04EC0-301F-11D3-BF4B-00C04F79EFBC}") = "DepositoValeDoAco", "DepositoValeDoAco.csproj", "{1711A84B-6F39-14E5-3AD5-6F3794A42671}"
EndProject
Global
	GlobalSection(SolutionConfigurationPlatforms) = preSolution
		Debug|Any CPU = Debug|Any CPU
		Release|Any CPU = Release|Any CPU
	EndGlobalSection
	GlobalSection(ProjectConfigurationPlatforms) = postSolution
		{1711A84B-6F39-14E5-3AD5-6F3794A42671}.Debug|Any CPU.ActiveCfg = Debug|Any CPU
		{1711A84B-6F39-14E5-3AD5-6F3794A42671}.Debug|Any CPU.Build.0 = Debug|Any CPU
		{1711A84B-6F39-14E5-3AD5-6F3794A42671}.Release|Any CPU.ActiveCfg = Release|Any CPU
		{1711A84B-6F39-14E5-3AD5-6F3794A42671}.Release|Any CPU.Build.0 = Release|Any CPU
	EndGlobalSection
	GlobalSection(SolutionProperties) = preSolution
		HideSolutionNode = FALSE
	EndGlobalSection
	GlobalSection(ExtensibilityGlobals) = postSolution
		SolutionGuid = {338481DA-B743-495F-9843-18C532DEDB20}
	EndGlobalSection
EndGlobal
